// !$*UTF8*$!
{
	archiveVersion = 1;
	classes = {
	};
	objectVersion = 55;
	objects = {

/* Begin PBXBuildFile section */
		FADFA7072816A49A002BF676 /* Recipe_List_App.swift in Sources */ = {isa = PBXBuildFile; fileRef = FADFA7062816A49A002BF676 /* Recipe_List_App.swift */; };
		FADFA7092816A49A002BF676 /* RecipeListView.swift in Sources */ = {isa = PBXBuildFile; fileRef = FADFA7082816A49A002BF676 /* RecipeListView.swift */; };
		FADFA70B2816A49B002BF676 /* Assets.xcassets in Resources */ = {isa = PBXBuildFile; fileRef = FADFA70A2816A49B002BF676 /* Assets.xcassets */; };
		FADFA70E2816A49B002BF676 /* Preview Assets.xcassets in Resources */ = {isa = PBXBuildFile; fileRef = FADFA70D2816A49B002BF676 /* Preview Assets.xcassets */; };
		FADFA71A2816A5AD002BF676 /* recipes.json in Resources */ = {isa = PBXBuildFile; fileRef = FADFA7192816A5AD002BF676 /* recipes.json */; };
		FADFA71C2816A61A002BF676 /* Recipe.swift in Sources */ = {isa = PBXBuildFile; fileRef = FADFA71B2816A61A002BF676 /* Recipe.swift */; };
		FADFA71E2816A72C002BF676 /* RecipeModel.swift in Sources */ = {isa = PBXBuildFile; fileRef = FADFA71D2816A72C002BF676 /* RecipeModel.swift */; };
		FADFA7202816A895002BF676 /* DataService.swift in Sources */ = {isa = PBXBuildFile; fileRef = FADFA71F2816A895002BF676 /* DataService.swift */; };
		FADFA722281736AE002BF676 /* RecipeDetailView.swift in Sources */ = {isa = PBXBuildFile; fileRef = FADFA721281736AE002BF676 /* RecipeDetailView.swift */; };
/* End PBXBuildFile section */

/* Begin PBXFileReference section */
		FADFA7032816A49A002BF676 /* Recipe List App.app */ = {isa = PBXFileReference; explicitFileType = wrapper.application; includeInIndex = 0; path = "Recipe List App.app"; sourceTree = BUILT_PRODUCTS_DIR; };
		FADFA7062816A49A002BF676 /* Recipe_List_App.swift */ = {isa = PBXFileReference; lastKnownFileType = sourcecode.swift; path = Recipe_List_App.swift; sourceTree = "<group>"; };
		FADFA7082816A49A002BF676 /* RecipeListView.swift */ = {isa = PBXFileReference; lastKnownFileType = sourcecode.swift; path = RecipeListView.swift; sourceTree = "<group>"; };
		FADFA70A2816A49B002BF676 /* Assets.xcassets */ = {isa = PBXFileReference; lastKnownFileType = folder.assetcatalog; path = Assets.xcassets; sourceTree = "<group>"; };
		FADFA70D2816A49B002BF676 /* Preview Assets.xcassets */ = {isa = PBXFileReference; lastKnownFileType = folder.assetcatalog; path = "Preview Assets.xcassets"; sourceTree = "<group>"; };
		FADFA7192816A5AD002BF676 /* recipes.json */ = {isa = PBXFileReference; fileEncoding = 4; lastKnownFileType = text.json; path = recipes.json; sourceTree = "<group>"; };
		FADFA71B2816A61A002BF676 /* Recipe.swift */ = {isa = PBXFileReference; lastKnownFileType = sourcecode.swift; path = Recipe.swift; sourceTree = "<group>"; };
		FADFA71D2816A72C002BF676 /* RecipeModel.swift */ = {isa = PBXFileReference; lastKnownFileType = sourcecode.swift; path = RecipeModel.swift; sourceTree = "<group>"; };
		FADFA71F2816A895002BF676 /* DataService.swift */ = {isa = PBXFileReference; lastKnownFileType = sourcecode.swift; path = DataService.swift; sourceTree = "<group>"; };
		FADFA721281736AE002BF676 /* RecipeDetailView.swift */ = {isa = PBXFileReference; lastKnownFileType = sourcecode.swift; path = RecipeDetailView.swift; sourceTree = "<group>"; };
/* End PBXFileReference section */

/* Begin PBXFrameworksBuildPhase section */
		FADFA7002816A49A002BF676 /* Frameworks */ = {
			isa = PBXFrameworksBuildPhase;
			buildActionMask = 2147483647;
			files = (
			);
			runOnlyForDeploymentPostprocessing = 0;
		};
/* End PBXFrameworksBuildPhase section */

/* Begin PBXGroup section */
		FADFA6FA2816A49A002BF676 = {
			isa = PBXGroup;
			children = (
				FADFA7052816A49A002BF676 /* Recipe List App */,
				FADFA7042816A49A002BF676 /* Products */,
			);
			sourceTree = "<group>";
		};
		FADFA7042816A49A002BF676 /* Products */ = {
			isa = PBXGroup;
			children = (
				FADFA7032816A49A002BF676 /* Recipe List App.app */,
			);
			name = Products;
			sourceTree = "<group>";
		};
		FADFA7052816A49A002BF676 /* Recipe List App */ = {
			isa = PBXGroup;
			children = (
				FADFA7062816A49A002BF676 /* Recipe_List_App.swift */,
				FADFA7142816A4F3002BF676 /* Views */,
				FADFA7182816A505002BF676 /* ViewModels */,
				FADFA7152816A4F7002BF676 /* Models */,
				FADFA7172816A500002BF676 /* Services */,
				FADFA7162816A4FC002BF676 /* Data */,
				FADFA70A2816A49B002BF676 /* Assets.xcassets */,
				FADFA70C2816A49B002BF676 /* Preview Content */,
			);
			path = "Recipe List App";
			sourceTree = "<group>";
		};
		FADFA70C2816A49B002BF676 /* Preview Content */ = {
			isa = PBXGroup;
			children = (
				FADFA70D2816A49B002BF676 /* Preview Assets.xcassets */,
			);
			path = "Preview Content";
			sourceTree = "<group>";
		};
		FADFA7142816A4F3002BF676 /* Views */ = {
			isa = PBXGroup;
			children = (
				FADFA7082816A49A002BF676 /* RecipeListView.swift */,
				FADFA721281736AE002BF676 /* RecipeDetailView.swift */,
			);
			path = Views;
			sourceTree = "<group>";
		};
		FADFA7152816A4F7002BF676 /* Models */ = {
			isa = PBXGroup;
			children = (
				FADFA71B2816A61A002BF676 /* Recipe.swift */,
			);
			path = Models;
			sourceTree = "<group>";
		};
		FADFA7162816A4FC002BF676 /* Data */ = {
			isa = PBXGroup;
			children = (
				FADFA7192816A5AD002BF676 /* recipes.json */,
			);
			path = Data;
			sourceTree = "<group>";
		};
		FADFA7172816A500002BF676 /* Services */ = {
			isa = PBXGroup;
			children = (
				FADFA71F2816A895002BF676 /* DataService.swift */,
			);
			path = Services;
			sourceTree = "<group>";
		};
		FADFA7182816A505002BF676 /* ViewModels */ = {
			isa = PBXGroup;
			children = (
				FADFA71D2816A72C002BF676 /* RecipeModel.swift */,
			);
			path = ViewModels;
			sourceTree = "<group>";
		};
/* End PBXGroup section */

/* Begin PBXNativeTarget section */
		FADFA7022816A49A002BF676 /* Recipe List App */ = {
			isa = PBXNativeTarget;
			buildConfigurationList = FADFA7112816A49B002BF676 /* Build configuration list for PBXNativeTarget "Recipe List App" */;
			buildPhases = (
				FADFA6FF2816A49A002BF676 /* Sources */,
				FADFA7002816A49A002BF676 /* Frameworks */,
				FADFA7012816A49A002BF676 /* Resources */,
			);
			buildRules = (
			);
			dependencies = (
			);
			name = "Recipe List App";
			productName = "Recipe List App";
			productReference = FADFA7032816A49A002BF676 /* Recipe List App.app */;
			productType = "com.apple.product-type.application";
		};
/* End PBXNativeTarget section */

/* Begin PBXProject section */
		FADFA6FB2816A49A002BF676 /* Project object */ = {
			isa = PBXProject;
			attributes = {
				BuildIndependentTargetsInParallel = 1;
				LastSwiftUpdateCheck = 1330;
				LastUpgradeCheck = 1330;
				TargetAttributes = {
					FADFA7022816A49A002BF676 = {
						CreatedOnToolsVersion = 13.3.1;
					};
				};
			};
			buildConfigurationList = FADFA6FE2816A49A002BF676 /* Build configuration list for PBXProject "Recipe List App" */;
			compatibilityVersion = "Xcode 13.0";
			developmentRegion = en;
			hasScannedForEncodings = 0;
			knownRegions = (
				en,
				Base,
			);
			mainGroup = FADFA6FA2816A49A002BF676;
			productRefGroup = FADFA7042816A49A002BF676 /* Products */;
			projectDirPath = "";
			projectRoot = "";
			targets = (
				FADFA7022816A49A002BF676 /* Recipe List App */,
			);
		};
/* End PBXProject section */

/* Begin PBXResourcesBuildPhase section */
		FADFA7012816A49A002BF676 /* Resources */ = {
			isa = PBXResourcesBuildPhase;
			buildActionMask = 2147483647;
			files = (
				FADFA70E2816A49B002BF676 /* Preview Assets.xcassets in Resources */,
				FADFA71A2816A5AD002BF676 /* recipes.json in Resources */,
				FADFA70B2816A49B002BF676 /* Assets.xcassets in Resources */,
			);
			runOnlyForDeploymentPostprocessing = 0;
		};
/* End PBXResourcesBuildPhase section */

/* Begin PBXSourcesBuildPhase section */
		FADFA6FF2816A49A002BF676 /* Sources */ = {
			isa = PBXSourcesBuildPhase;
			buildActionMask = 2147483647;
			files = (
				FADFA71C2816A61A002BF676 /* Recipe.swift in Sources */,
				FADFA722281736AE002BF676 /* RecipeDetailView.swift in Sources */,
				FADFA71E2816A72C002BF676 /* RecipeModel.swift in Sources */,
				FADFA7092816A49A002BF676 /* RecipeListView.swift in Sources */,
				FADFA7072816A49A002BF676 /* Recipe_List_App.swift in Sources */,
				FADFA7202816A895002BF676 /* DataService.swift in Sources */,
			);
			runOnlyForDeploymentPostprocessing = 0;
		};
/* End PBXSourcesBuildPhase section */

/* Begin XCBuildConfiguration section */
		FADFA70F2816A49B002BF676 /* Debug */ = {
			isa = XCBuildConfiguration;
			buildSettings = {
				ALWAYS_SEARCH_USER_PATHS = NO;
				CLANG_ANALYZER_NONNULL = YES;
				CLANG_ANALYZER_NUMBER_OBJECT_CONVERSION = YES_AGGRESSIVE;
				CLANG_CXX_LANGUAGE_STANDARD = "gnu++17";
				CLANG_ENABLE_MODULES = YES;
				CLANG_ENABLE_OBJC_ARC = YES;
				CLANG_ENABLE_OBJC_WEAK = YES;
				CLANG_WARN_BLOCK_CAPTURE_AUTORELEASING = YES;
				CLANG_WARN_BOOL_CONVERSION = YES;
				CLANG_WARN_COMMA = YES;
				CLANG_WARN_CONSTANT_CONVERSION = YES;
				CLANG_WARN_DEPRECATED_OBJC_IMPLEMENTATIONS = YES;
				CLANG_WARN_DIRECT_OBJC_ISA_USAGE = YES_ERROR;
				CLANG_WARN_DOCUMENTATION_COMMENTS = YES;
				CLANG_WARN_EMPTY_BODY = YES;
				CLANG_WARN_ENUM_CONVERSION = YES;
				CLANG_WARN_INFINITE_RECURSION = YES;
				CLANG_WARN_INT_CONVERSION = YES;
				CLANG_WARN_NON_LITERAL_NULL_CONVERSION = YES;
				CLANG_WARN_OBJC_IMPLICIT_RETAIN_SELF = YES;
				CLANG_WARN_OBJC_LITERAL_CONVERSION = YES;
				CLANG_WARN_OBJC_ROOT_CLASS = YES_ERROR;
				CLANG_WARN_QUOTED_INCLUDE_IN_FRAMEWORK_HEADER = YES;
				CLANG_WARN_RANGE_LOOP_ANALYSIS = YES;
				CLANG_WARN_STRICT_PROTOTYPES = YES;
				CLANG_WARN_SUSPICIOUS_MOVE = YES;
				CLANG_WARN_UNGUARDED_AVAILABILITY = YES_AGGRESSIVE;
				CLANG_WARN_UNREACHABLE_CODE = YES;
				CLANG_WARN__DUPLICATE_METHOD_MATCH = YES;
				COPY_PHASE_STRIP = NO;
				DEBUG_INFORMATION_FORMAT = dwarf;
				ENABLE_STRICT_OBJC_MSGSEND = YES;
				ENABLE_TESTABILITY = YES;
				GCC_C_LANGUAGE_STANDARD = gnu11;
				GCC_DYNAMIC_NO_PIC = NO;
				GCC_NO_COMMON_BLOCKS = YES;
				GCC_OPTIMIZATION_LEVEL = 0;
				GCC_PREPROCESSOR_DEFINITIONS = (
					"DEBUG=1",
					"$(inherited)",
				);
				GCC_WARN_64_TO_32_BIT_CONVERSION = YES;
				GCC_WARN_ABOUT_RETURN_TYPE = YES_ERROR;
				GCC_WARN_UNDECLARED_SELECTOR = YES;
				GCC_WARN_UNINITIALIZED_AUTOS = YES_AGGRESSIVE;
				GCC_WARN_UNUSED_FUNCTION = YES;
				GCC_WARN_UNUSED_VARIABLE = YES;
				IPHONEOS_DEPLOYMENT_TARGET = 15.4;
				MTL_ENABLE_DEBUG_INFO = INCLUDE_SOURCE;
				MTL_FAST_MATH = YES;
				ONLY_ACTIVE_ARCH = YES;
				SDKROOT = iphoneos;
				SWIFT_ACTIVE_COMPILATION_CONDITIONS = DEBUG;
				SWIFT_OPTIMIZATION_LEVEL = "-Onone";
			};
			name = Debug;
		};
		FADFA7102816A49B002BF676 /* Release */ = {
			isa = XCBuildConfiguration;
			buildSettings = {
				ALWAYS_SEARCH_USER_PATHS = NO;
				CLANG_ANALYZER_NONNULL = YES;
				CLANG_ANALYZER_NUMBER_OBJECT_CONVERSION = YES_AGGRESSIVE;
				CLANG_CXX_LANGUAGE_STANDARD = "gnu++17";
				CLANG_ENABLE_MODULES = YES;
				CLANG_ENABLE_OBJC_ARC = YES;
				CLANG_ENABLE_OBJC_WEAK = YES;
				CLANG_WARN_BLOCK_CAPTURE_AUTORELEASING = YES;
				CLANG_WARN_BOOL_CONVERSION = YES;
				CLANG_WARN_COMMA = YES;
				CLANG_WARN_CONSTANT_CONVERSION = YES;
				CLANG_WARN_DEPRECATED_OBJC_IMPLEMENTATIONS = YES;
				CLANG_WARN_DIRECT_OBJC_ISA_USAGE = YES_ERROR;
				CLANG_WARN_DOCUMENTATION_COMMENTS = YES;
				CLANG_WARN_EMPTY_BODY = YES;
				CLANG_WARN_ENUM_CONVERSION = YES;
				CLANG_WARN_INFINITE_RECURSION = YES;
				CLANG_WARN_INT_CONVERSION = YES;
				CLANG_WARN_NON_LITERAL_NULL_CONVERSION = YES;
				CLANG_WARN_OBJC_IMPLICIT_RETAIN_SELF = YES;
				CLANG_WARN_OBJC_LITERAL_CONVERSION = YES;
				CLANG_WARN_OBJC_ROOT_CLASS = YES_ERROR;
				CLANG_WARN_QUOTED_INCLUDE_IN_FRAMEWORK_HEADER = YES;
				CLANG_WARN_RANGE_LOOP_ANALYSIS = YES;
				CLANG_WARN_STRICT_PROTOTYPES = YES;
				CLANG_WARN_SUSPICIOUS_MOVE = YES;
				CLANG_WARN_UNGUARDED_AVAILABILITY = YES_AGGRESSIVE;
				CLANG_WARN_UNREACHABLE_CODE = YES;
				CLANG_WARN__DUPLICATE_METHOD_MATCH = YES;
				COPY_PHASE_STRIP = NO;
				DEBUG_INFORMATION_FORMAT = "dwarf-with-dsym";
				ENABLE_NS_ASSERTIONS = NO;
				ENABLE_STRICT_OBJC_MSGSEND = YES;
				GCC_C_LANGUAGE_STANDARD = gnu11;
				GCC_NO_COMMON_BLOCKS = YES;
				GCC_WARN_64_TO_32_BIT_CONVERSION = YES;
				GCC_WARN_ABOUT_RETURN_TYPE = YES_ERROR;
				GCC_WARN_UNDECLARED_SELECTOR = YES;
				GCC_WARN_UNINITIALIZED_AUTOS = YES_AGGRESSIVE;
				GCC_WARN_UNUSED_FUNCTION = YES;
				GCC_WARN_UNUSED_VARIABLE = YES;
				IPHONEOS_DEPLOYMENT_TARGET = 15.4;
				MTL_ENABLE_DEBUG_INFO = NO;
				MTL_FAST_MATH = YES;
				SDKROOT = iphoneos;
				SWIFT_COMPILATION_MODE = wholemodule;
				SWIFT_OPTIMIZATION_LEVEL = "-O";
				VALIDATE_PRODUCT = YES;
			};
			name = Release;
		};
		FADFA7122816A49B002BF676 /* Debug */ = {
			isa = XCBuildConfiguration;
			buildSettings = {
				ASSETCATALOG_COMPILER_APPICON_NAME = AppIcon;
				ASSETCATALOG_COMPILER_GLOBAL_ACCENT_COLOR_NAME = AccentColor;
				CODE_SIGN_STYLE = Automatic;
				CURRENT_PROJECT_VERSION = 1;
				DEVELOPMENT_ASSET_PATHS = "\"Recipe List App/Preview Content\"";
				DEVELOPMENT_TEAM = 4836BH2NB4;
				ENABLE_PREVIEWS = YES;
				GENERATE_INFOPLIST_FILE = YES;
				INFOPLIST_KEY_UIApplicationSceneManifest_Generation = YES;
				INFOPLIST_KEY_UIApplicationSupportsIndirectInputEvents = YES;
				INFOPLIST_KEY_UILaunchScreen_Generation = YES;
				INFOPLIST_KEY_UISupportedInterfaceOrientations_iPad = "UIInterfaceOrientationPortrait UIInterfaceOrientationPortraitUpsideDown UIInterfaceOrientationLandscapeLeft UIInterfaceOrientationLandscapeRight";
				INFOPLIST_KEY_UISupportedInterfaceOrientations_iPhone = "UIInterfaceOrientationPortrait UIInterfaceOrientationLandscapeLeft UIInterfaceOrientationLandscapeRight";
				LD_RUNPATH_SEARCH_PATHS = (
					"$(inherited)",
					"@executable_path/Frameworks",
				);
				MARKETING_VERSION = 1.0;
				PRODUCT_BUNDLE_IDENTIFIER = "com.chainofwealth.Recipe-List-App";
				PRODUCT_NAME = "$(TARGET_NAME)";
				SWIFT_EMIT_LOC_STRINGS = YES;
				SWIFT_VERSION = 5.0;
				TARGETED_DEVICE_FAMILY = "1,2";
			};
			name = Debug;
		};
		FADFA7132816A49B002BF676 /* Release */ = {
			isa = XCBuildConfiguration;
			buildSettings = {
				ASSETCATALOG_COMPILER_APPICON_NAME = AppIcon;
				ASSETCATALOG_COMPILER_GLOBAL_ACCENT_COLOR_NAME = AccentColor;
				CODE_SIGN_STYLE = Automatic;
				CURRENT_PROJECT_VERSION = 1;
				DEVELOPMENT_ASSET_PATHS = "\"Recipe List App/Preview Content\"";
				DEVELOPMENT_TEAM = 4836BH2NB4;
				ENABLE_PREVIEWS = YES;
				GENERATE_INFOPLIST_FILE = YES;
				INFOPLIST_KEY_UIApplicationSceneManifest_Generation = YES;
				INFOPLIST_KEY_UIApplicationSupportsIndirectInputEvents = YES;
				INFOPLIST_KEY_UILaunchScreen_Generation = YES;
				INFOPLIST_KEY_UISupportedInterfaceOrientations_iPad = "UIInterfaceOrientationPortrait UIInterfaceOrientationPortraitUpsideDown UIInterfaceOrientationLandscapeLeft UIInterfaceOrientationLandscapeRight";
				INFOPLIST_KEY_UISupportedInterfaceOrientations_iPhone = "UIInterfaceOrientationPortrait UIInterfaceOrientationLandscapeLeft UIInterfaceOrientationLandscapeRight";
				LD_RUNPATH_SEARCH_PATHS = (
					"$(inherited)",
					"@executable_path/Frameworks",
				);
				MARKETING_VERSION = 1.0;
				PRODUCT_BUNDLE_IDENTIFIER = "com.chainofwealth.Recipe-List-App";
				PRODUCT_NAME = "$(TARGET_NAME)";
				SWIFT_EMIT_LOC_STRINGS = YES;
				SWIFT_VERSION = 5.0;
				TARGETED_DEVICE_FAMILY = "1,2";
			};
			name = Release;
		};
/* End XCBuildConfiguration section */

/* Begin XCConfigurationList section */
		FADFA6FE2816A49A002BF676 /* Build configuration list for PBXProject "Recipe List App" */ = {
			isa = XCConfigurationList;
			buildConfigurations = (
				FADFA70F2816A49B002BF676 /* Debug */,
				FADFA7102816A49B002BF676 /* Release */,
			);
			defaultConfigurationIsVisible = 0;
			defaultConfigurationName = Release;
		};
		FADFA7112816A49B002BF676 /* Build configuration list for PBXNativeTarget "Recipe List App" */ = {
			isa = XCConfigurationList;
			buildConfigurations = (
				FADFA7122816A49B002BF676 /* Debug */,
				FADFA7132816A49B002BF676 /* Release */,
			);
			defaultConfigurationIsVisible = 0;
			defaultConfigurationName = Release;
		};
/* End XCConfigurationList section */
	};
	rootObject = FADFA6FB2816A49A002BF676 /* Project object */;
}
